
Microsoft Visual Studio Solution File, Format Version 12.00
# Visual Studio Version 16
VisualStudioVersion = 16.0.29411.108
MinimumVisualStudioVersion = 10.0.40219.1
Project("{9A19103F-16F7-4668-BE54-9A1E7A4F7556}") = "GuiClient", "GuiClient\GuiClient.csproj", "{90859B4B-A15D-4398-B1CD-5F1D6F255AD2}"
EndProject
Project("{9A19103F-16F7-4668-BE54-9A1E7A4F7556}") = "Core", "Core\Core.csproj", "{899D0213-E412-4242-BED9-3C9D9A6E3AF2}"
EndProject
Project("{9A19103F-16F7-4668-BE54-9A1E7A4F7556}") = "PolfanConnector", "PolfanConnector\PolfanConnector.csproj", "{06CEF418-DD6D-4F17-AD52-528059F971C4}"
EndProject
Project("{9A19103F-16F7-4668-BE54-9A1E7A4F7556}") = "PolfanConnectorTester", "PolfanConnectorTester\PolfanConnectorTester.csproj", "{56F9AE42-4F65-4A67-A32E-DCF7C4130DFF}"
EndProject
Project("{FAE04EC0-301F-11D3-BF4B-00C04F79EFBC}") = "ConsolePlugin", "ConsolePlugin\ConsolePlugin.csproj", "{10789E8C-8D62-42BC-ACEC-9A11633B95B8}"
EndProject
Global
	GlobalSection(SolutionConfigurationPlatforms) = preSolution
		Debug|Any CPU = Debug|Any CPU
		Release|Any CPU = Release|Any CPU
	EndGlobalSection
	GlobalSection(ProjectConfigurationPlatforms) = postSolution
		{90859B4B-A15D-4398-B1CD-5F1D6F255AD2}.Debug|Any CPU.ActiveCfg = Debug|Any CPU
		{90859B4B-A15D-4398-B1CD-5F1D6F255AD2}.Debug|Any CPU.Build.0 = Debug|Any CPU
		{90859B4B-A15D-4398-B1CD-5F1D6F255AD2}.Release|Any CPU.ActiveCfg = Release|Any CPU
		{90859B4B-A15D-4398-B1CD-5F1D6F255AD2}.Release|Any CPU.Build.0 = Release|Any CPU
		{899D0213-E412-4242-BED9-3C9D9A6E3AF2}.Debug|Any CPU.ActiveCfg = Debug|Any CPU
		{899D0213-E412-4242-BED9-3C9D9A6E3AF2}.Debug|Any CPU.Build.0 = Debug|Any CPU
		{899D0213-E412-4242-BED9-3C9D9A6E3AF2}.Release|Any CPU.ActiveCfg = Release|Any CPU
		{899D0213-E412-4242-BED9-3C9D9A6E3AF2}.Release|Any CPU.Build.0 = Release|Any CPU
		{06CEF418-DD6D-4F17-AD52-528059F971C4}.Debug|Any CPU.ActiveCfg = Debug|Any CPU
		{06CEF418-DD6D-4F17-AD52-528059F971C4}.Debug|Any CPU.Build.0 = Debug|Any CPU
		{06CEF418-DD6D-4F17-AD52-528059F971C4}.Release|Any CPU.ActiveCfg = Release|Any CPU
		{06CEF418-DD6D-4F17-AD52-528059F971C4}.Release|Any CPU.Build.0 = Release|Any CPU
		{56F9AE42-4F65-4A67-A32E-DCF7C4130DFF}.Debug|Any CPU.ActiveCfg = Debug|Any CPU
		{56F9AE42-4F65-4A67-A32E-DCF7C4130DFF}.Debug|Any CPU.Build.0 = Debug|Any CPU
		{56F9AE42-4F65-4A67-A32E-DCF7C4130DFF}.Release|Any CPU.ActiveCfg = Release|Any CPU
		{56F9AE42-4F65-4A67-A32E-DCF7C4130DFF}.Release|Any CPU.Build.0 = Release|Any CPU
		{10789E8C-8D62-42BC-ACEC-9A11633B95B8}.Debug|Any CPU.ActiveCfg = Debug|Any CPU
		{10789E8C-8D62-42BC-ACEC-9A11633B95B8}.Debug|Any CPU.Build.0 = Debug|Any CPU
		{10789E8C-8D62-42BC-ACEC-9A11633B95B8}.Release|Any CPU.ActiveCfg = Release|Any CPU
		{10789E8C-8D62-42BC-ACEC-9A11633B95B8}.Release|Any CPU.Build.0 = Release|Any CPU
	EndGlobalSection
	GlobalSection(SolutionProperties) = preSolution
		HideSolutionNode = FALSE
	EndGlobalSection
	GlobalSection(ExtensibilityGlobals) = postSolution
		SolutionGuid = {699414CC-0A73-439C-A8F8-A5146D029450}
	EndGlobalSection
EndGlobal
