
Microsoft Visual Studio Solution File, Format Version 12.00
# Visual Studio Version 16
VisualStudioVersion = 16.0.29411.108
MinimumVisualStudioVersion = 10.0.40219.1
Project("{FAE04EC0-301F-11D3-BF4B-00C04F79EFBC}") = "WPF-project", "WPF-project\WPF-project.csproj", "{3638C9A8-47E4-472B-AA43-582FC99ECD0A}"
EndProject
Project("{9A19103F-16F7-4668-BE54-9A1E7A4F7556}") = "PolfanIOPlugin", "PolfanIOPlugin\PolfanIOPlugin.csproj", "{AA11EE2F-9AEF-4410-92D4-E8BBEBFC42AB}"
EndProject
Project("{9A19103F-16F7-4668-BE54-9A1E7A4F7556}") = "PolfanIOPluginTests", "Tests\PolfanIOPluginTests.csproj", "{3573E5EC-4D80-45CE-99CB-2574E722259B}"
EndProject
Project("{FAE04EC0-301F-11D3-BF4B-00C04F79EFBC}") = "PluginManager", "PluginManager\PluginManager.csproj", "{46018D73-B4A2-45C3-90F8-90379A8B73F8}"
EndProject
Global
	GlobalSection(SolutionConfigurationPlatforms) = preSolution
		Debug|Any CPU = Debug|Any CPU
		Release|Any CPU = Release|Any CPU
	EndGlobalSection
	GlobalSection(ProjectConfigurationPlatforms) = postSolution
		{3638C9A8-47E4-472B-AA43-582FC99ECD0A}.Debug|Any CPU.ActiveCfg = Debug|Any CPU
		{3638C9A8-47E4-472B-AA43-582FC99ECD0A}.Debug|Any CPU.Build.0 = Debug|Any CPU
		{3638C9A8-47E4-472B-AA43-582FC99ECD0A}.Release|Any CPU.ActiveCfg = Release|Any CPU
		{3638C9A8-47E4-472B-AA43-582FC99ECD0A}.Release|Any CPU.Build.0 = Release|Any CPU
		{AA11EE2F-9AEF-4410-92D4-E8BBEBFC42AB}.Debug|Any CPU.ActiveCfg = Debug|Any CPU
		{AA11EE2F-9AEF-4410-92D4-E8BBEBFC42AB}.Debug|Any CPU.Build.0 = Debug|Any CPU
		{AA11EE2F-9AEF-4410-92D4-E8BBEBFC42AB}.Release|Any CPU.ActiveCfg = Release|Any CPU
		{AA11EE2F-9AEF-4410-92D4-E8BBEBFC42AB}.Release|Any CPU.Build.0 = Release|Any CPU
		{3573E5EC-4D80-45CE-99CB-2574E722259B}.Debug|Any CPU.ActiveCfg = Debug|Any CPU
		{3573E5EC-4D80-45CE-99CB-2574E722259B}.Debug|Any CPU.Build.0 = Debug|Any CPU
		{3573E5EC-4D80-45CE-99CB-2574E722259B}.Release|Any CPU.ActiveCfg = Release|Any CPU
		{3573E5EC-4D80-45CE-99CB-2574E722259B}.Release|Any CPU.Build.0 = Release|Any CPU
		{46018D73-B4A2-45C3-90F8-90379A8B73F8}.Debug|Any CPU.ActiveCfg = Debug|Any CPU
		{46018D73-B4A2-45C3-90F8-90379A8B73F8}.Debug|Any CPU.Build.0 = Debug|Any CPU
		{46018D73-B4A2-45C3-90F8-90379A8B73F8}.Release|Any CPU.ActiveCfg = Release|Any CPU
		{46018D73-B4A2-45C3-90F8-90379A8B73F8}.Release|Any CPU.Build.0 = Release|Any CPU
	EndGlobalSection
	GlobalSection(SolutionProperties) = preSolution
		HideSolutionNode = FALSE
	EndGlobalSection
	GlobalSection(ExtensibilityGlobals) = postSolution
		SolutionGuid = {699414CC-0A73-439C-A8F8-A5146D029450}
	EndGlobalSection
EndGlobal
